// !$*UTF8*$!
{
	archiveVersion = 1;
	classes = {
	};
	objectVersion = 56;
	objects = {

/* Begin PBXBuildFile section */
		83023CFB2925EC03004F8250 /* FinityApp.swift in Sources */ = {isa = PBXBuildFile; fileRef = 83023CFA2925EC03004F8250 /* FinityApp.swift */; };
		83023CFF2925EC04004F8250 /* Assets.xcassets in Resources */ = {isa = PBXBuildFile; fileRef = 83023CFE2925EC04004F8250 /* Assets.xcassets */; };
		83023D022925EC04004F8250 /* Preview Assets.xcassets in Resources */ = {isa = PBXBuildFile; fileRef = 83023D012925EC04004F8250 /* Preview Assets.xcassets */; };
		83023D0C2925EC04004F8250 /* FinityTests.swift in Sources */ = {isa = PBXBuildFile; fileRef = 83023D0B2925EC04004F8250 /* FinityTests.swift */; };
		83023D162925EC04004F8250 /* FinityUITests.swift in Sources */ = {isa = PBXBuildFile; fileRef = 83023D152925EC04004F8250 /* FinityUITests.swift */; };
		83023D182925EC04004F8250 /* FinityUITestsLaunchTests.swift in Sources */ = {isa = PBXBuildFile; fileRef = 83023D172925EC04004F8250 /* FinityUITestsLaunchTests.swift */; };
		83023D262925F374004F8250 /* LaunchScreenStep.swift in Sources */ = {isa = PBXBuildFile; fileRef = 83023D252925F374004F8250 /* LaunchScreenStep.swift */; };
		83023D282925F39D004F8250 /* LaunchScreenStateManager.swift in Sources */ = {isa = PBXBuildFile; fileRef = 83023D272925F39D004F8250 /* LaunchScreenStateManager.swift */; };
		83023D2C2925F4A6004F8250 /* LaunchScreenView.swift in Sources */ = {isa = PBXBuildFile; fileRef = 83023D2B2925F4A6004F8250 /* LaunchScreenView.swift */; };
		83023D2F2925F8BF004F8250 /* RegistrationView.swift in Sources */ = {isa = PBXBuildFile; fileRef = 83023D2E2925F8BF004F8250 /* RegistrationView.swift */; };
		83023D322925FC73004F8250 /* Color.swift in Sources */ = {isa = PBXBuildFile; fileRef = 83023D312925FC73004F8250 /* Color.swift */; };
		83023D3529261889004F8250 /* GoogleSignIn in Frameworks */ = {isa = PBXBuildFile; productRef = 83023D3429261889004F8250 /* GoogleSignIn */; };
		83023D3729261889004F8250 /* GoogleSignInSwift in Frameworks */ = {isa = PBXBuildFile; productRef = 83023D3629261889004F8250 /* GoogleSignInSwift */; };
		83023D412926920B004F8250 /* TimelineView.swift in Sources */ = {isa = PBXBuildFile; fileRef = 83023D402926920B004F8250 /* TimelineView.swift */; };
		83023D43292699B4004F8250 /* GoogleAuthModel.swift in Sources */ = {isa = PBXBuildFile; fileRef = 83023D42292699B4004F8250 /* GoogleAuthModel.swift */; };
		83023D4B29277C91004F8250 /* FirebaseFirestore in Frameworks */ = {isa = PBXBuildFile; productRef = 83023D4A29277C91004F8250 /* FirebaseFirestore */; };
		83023D4D29277C91004F8250 /* FirebaseFirestoreCombine-Community in Frameworks */ = {isa = PBXBuildFile; productRef = 83023D4C29277C91004F8250 /* FirebaseFirestoreCombine-Community */; };
		83023D4F29277C91004F8250 /* FirebaseFirestoreSwift in Frameworks */ = {isa = PBXBuildFile; productRef = 83023D4E29277C91004F8250 /* FirebaseFirestoreSwift */; };
		83023D5129277DC9004F8250 /* GoogleService-Info.plist in Resources */ = {isa = PBXBuildFile; fileRef = 83023D5029277DC9004F8250 /* GoogleService-Info.plist */; };
		83023D5329277E55004F8250 /* AppDelegate.swift in Sources */ = {isa = PBXBuildFile; fileRef = 83023D5229277E55004F8250 /* AppDelegate.swift */; };
		83023D58292780ED004F8250 /* FirestoreManager.swift in Sources */ = {isa = PBXBuildFile; fileRef = 83023D57292780ED004F8250 /* FirestoreManager.swift */; };
		83023D5E2928B3AC004F8250 /* Security.swift in Sources */ = {isa = PBXBuildFile; fileRef = 83023D5D2928B3AC004F8250 /* Security.swift */; };
		83023D602928B5B4004F8250 /* Asset.swift in Sources */ = {isa = PBXBuildFile; fileRef = 83023D5F2928B5B4004F8250 /* Asset.swift */; };
		83023D622928BAC2004F8250 /* TimelineModel.swift in Sources */ = {isa = PBXBuildFile; fileRef = 83023D612928BAC2004F8250 /* TimelineModel.swift */; };
		83023D642928BAEA004F8250 /* TimelineData.swift in Sources */ = {isa = PBXBuildFile; fileRef = 83023D632928BAEA004F8250 /* TimelineData.swift */; };
		83023D672928BCC1004F8250 /* User.swift in Sources */ = {isa = PBXBuildFile; fileRef = 83023D662928BCC1004F8250 /* User.swift */; };
		83023D692928BD76004F8250 /* TimelineSection.swift in Sources */ = {isa = PBXBuildFile; fileRef = 83023D682928BD76004F8250 /* TimelineSection.swift */; };
		83023D6B2928BE78004F8250 /* Post.swift in Sources */ = {isa = PBXBuildFile; fileRef = 83023D6A2928BE78004F8250 /* Post.swift */; };
		83023D6D2928C861004F8250 /* UsersView.swift in Sources */ = {isa = PBXBuildFile; fileRef = 83023D6C2928C861004F8250 /* UsersView.swift */; };
		83023D712928D57D004F8250 /* ScreenSize.swift in Sources */ = {isa = PBXBuildFile; fileRef = 83023D702928D57D004F8250 /* ScreenSize.swift */; };
		83023D732928E0F8004F8250 /* PicturePostView.swift in Sources */ = {isa = PBXBuildFile; fileRef = 83023D722928E0F8004F8250 /* PicturePostView.swift */; };
		83023D752928E107004F8250 /* CaptionPostView.swift in Sources */ = {isa = PBXBuildFile; fileRef = 83023D742928E107004F8250 /* CaptionPostView.swift */; };
/* End PBXBuildFile section */

/* Begin PBXContainerItemProxy section */
		83023D082925EC04004F8250 /* PBXContainerItemProxy */ = {
			isa = PBXContainerItemProxy;
			containerPortal = 83023CEF2925EC03004F8250 /* Project object */;
			proxyType = 1;
			remoteGlobalIDString = 83023CF62925EC03004F8250;
			remoteInfo = Finity;
		};
		83023D122925EC04004F8250 /* PBXContainerItemProxy */ = {
			isa = PBXContainerItemProxy;
			containerPortal = 83023CEF2925EC03004F8250 /* Project object */;
			proxyType = 1;
			remoteGlobalIDString = 83023CF62925EC03004F8250;
			remoteInfo = Finity;
		};
/* End PBXContainerItemProxy section */

/* Begin PBXFileReference section */
		83023CF72925EC03004F8250 /* Finity.app */ = {isa = PBXFileReference; explicitFileType = wrapper.application; includeInIndex = 0; path = Finity.app; sourceTree = BUILT_PRODUCTS_DIR; };
		83023CFA2925EC03004F8250 /* FinityApp.swift */ = {isa = PBXFileReference; lastKnownFileType = sourcecode.swift; path = FinityApp.swift; sourceTree = "<group>"; };
		83023CFE2925EC04004F8250 /* Assets.xcassets */ = {isa = PBXFileReference; lastKnownFileType = folder.assetcatalog; path = Assets.xcassets; sourceTree = "<group>"; };
		83023D012925EC04004F8250 /* Preview Assets.xcassets */ = {isa = PBXFileReference; lastKnownFileType = folder.assetcatalog; path = "Preview Assets.xcassets"; sourceTree = "<group>"; };
		83023D072925EC04004F8250 /* FinityTests.xctest */ = {isa = PBXFileReference; explicitFileType = wrapper.cfbundle; includeInIndex = 0; path = FinityTests.xctest; sourceTree = BUILT_PRODUCTS_DIR; };
		83023D0B2925EC04004F8250 /* FinityTests.swift */ = {isa = PBXFileReference; lastKnownFileType = sourcecode.swift; path = FinityTests.swift; sourceTree = "<group>"; };
		83023D112925EC04004F8250 /* FinityUITests.xctest */ = {isa = PBXFileReference; explicitFileType = wrapper.cfbundle; includeInIndex = 0; path = FinityUITests.xctest; sourceTree = BUILT_PRODUCTS_DIR; };
		83023D152925EC04004F8250 /* FinityUITests.swift */ = {isa = PBXFileReference; lastKnownFileType = sourcecode.swift; path = FinityUITests.swift; sourceTree = "<group>"; };
		83023D172925EC04004F8250 /* FinityUITestsLaunchTests.swift */ = {isa = PBXFileReference; lastKnownFileType = sourcecode.swift; path = FinityUITestsLaunchTests.swift; sourceTree = "<group>"; };
		83023D252925F374004F8250 /* LaunchScreenStep.swift */ = {isa = PBXFileReference; lastKnownFileType = sourcecode.swift; path = LaunchScreenStep.swift; sourceTree = "<group>"; };
		83023D272925F39D004F8250 /* LaunchScreenStateManager.swift */ = {isa = PBXFileReference; lastKnownFileType = sourcecode.swift; path = LaunchScreenStateManager.swift; sourceTree = "<group>"; };
		83023D2B2925F4A6004F8250 /* LaunchScreenView.swift */ = {isa = PBXFileReference; lastKnownFileType = sourcecode.swift; path = LaunchScreenView.swift; sourceTree = "<group>"; };
		83023D2E2925F8BF004F8250 /* RegistrationView.swift */ = {isa = PBXFileReference; lastKnownFileType = sourcecode.swift; path = RegistrationView.swift; sourceTree = "<group>"; };
		83023D312925FC73004F8250 /* Color.swift */ = {isa = PBXFileReference; lastKnownFileType = sourcecode.swift; path = Color.swift; sourceTree = "<group>"; };
		83023D3829268DA8004F8250 /* Info.plist */ = {isa = PBXFileReference; lastKnownFileType = text.plist.xml; path = Info.plist; sourceTree = "<group>"; };
		83023D402926920B004F8250 /* TimelineView.swift */ = {isa = PBXFileReference; lastKnownFileType = sourcecode.swift; path = TimelineView.swift; sourceTree = "<group>"; };
		83023D42292699B4004F8250 /* GoogleAuthModel.swift */ = {isa = PBXFileReference; lastKnownFileType = sourcecode.swift; path = GoogleAuthModel.swift; sourceTree = "<group>"; };
		83023D5029277DC9004F8250 /* GoogleService-Info.plist */ = {isa = PBXFileReference; fileEncoding = 4; lastKnownFileType = text.plist.xml; path = "GoogleService-Info.plist"; sourceTree = "<group>"; };
		83023D5229277E55004F8250 /* AppDelegate.swift */ = {isa = PBXFileReference; lastKnownFileType = sourcecode.swift; path = AppDelegate.swift; sourceTree = "<group>"; };
		83023D57292780ED004F8250 /* FirestoreManager.swift */ = {isa = PBXFileReference; lastKnownFileType = sourcecode.swift; path = FirestoreManager.swift; sourceTree = "<group>"; };
		83023D5D2928B3AC004F8250 /* Security.swift */ = {isa = PBXFileReference; lastKnownFileType = sourcecode.swift; path = Security.swift; sourceTree = "<group>"; };
		83023D5F2928B5B4004F8250 /* Asset.swift */ = {isa = PBXFileReference; lastKnownFileType = sourcecode.swift; path = Asset.swift; sourceTree = "<group>"; };
		83023D612928BAC2004F8250 /* TimelineModel.swift */ = {isa = PBXFileReference; lastKnownFileType = sourcecode.swift; path = TimelineModel.swift; sourceTree = "<group>"; };
		83023D632928BAEA004F8250 /* TimelineData.swift */ = {isa = PBXFileReference; lastKnownFileType = sourcecode.swift; path = TimelineData.swift; sourceTree = "<group>"; };
		83023D662928BCC1004F8250 /* User.swift */ = {isa = PBXFileReference; lastKnownFileType = sourcecode.swift; path = User.swift; sourceTree = "<group>"; };
		83023D682928BD76004F8250 /* TimelineSection.swift */ = {isa = PBXFileReference; lastKnownFileType = sourcecode.swift; path = TimelineSection.swift; sourceTree = "<group>"; };
		83023D6A2928BE78004F8250 /* Post.swift */ = {isa = PBXFileReference; lastKnownFileType = sourcecode.swift; path = Post.swift; sourceTree = "<group>"; };
		83023D6C2928C861004F8250 /* UsersView.swift */ = {isa = PBXFileReference; lastKnownFileType = sourcecode.swift; path = UsersView.swift; sourceTree = "<group>"; };
		83023D702928D57D004F8250 /* ScreenSize.swift */ = {isa = PBXFileReference; lastKnownFileType = sourcecode.swift; path = ScreenSize.swift; sourceTree = "<group>"; };
		83023D722928E0F8004F8250 /* PicturePostView.swift */ = {isa = PBXFileReference; lastKnownFileType = sourcecode.swift; path = PicturePostView.swift; sourceTree = "<group>"; };
		83023D742928E107004F8250 /* CaptionPostView.swift */ = {isa = PBXFileReference; lastKnownFileType = sourcecode.swift; path = CaptionPostView.swift; sourceTree = "<group>"; };
/* End PBXFileReference section */

/* Begin PBXFrameworksBuildPhase section */
		83023CF42925EC03004F8250 /* Frameworks */ = {
			isa = PBXFrameworksBuildPhase;
			buildActionMask = 2147483647;
			files = (
				83023D4B29277C91004F8250 /* FirebaseFirestore in Frameworks */,
				83023D3529261889004F8250 /* GoogleSignIn in Frameworks */,
				83023D4D29277C91004F8250 /* FirebaseFirestoreCombine-Community in Frameworks */,
				83023D3729261889004F8250 /* GoogleSignInSwift in Frameworks */,
				83023D4F29277C91004F8250 /* FirebaseFirestoreSwift in Frameworks */,
			);
			runOnlyForDeploymentPostprocessing = 0;
		};
		83023D042925EC04004F8250 /* Frameworks */ = {
			isa = PBXFrameworksBuildPhase;
			buildActionMask = 2147483647;
			files = (
			);
			runOnlyForDeploymentPostprocessing = 0;
		};
		83023D0E2925EC04004F8250 /* Frameworks */ = {
			isa = PBXFrameworksBuildPhase;
			buildActionMask = 2147483647;
			files = (
			);
			runOnlyForDeploymentPostprocessing = 0;
		};
/* End PBXFrameworksBuildPhase section */

/* Begin PBXGroup section */
		83023CEE2925EC03004F8250 = {
			isa = PBXGroup;
			children = (
				83023CF92925EC03004F8250 /* Finity */,
				83023D0A2925EC04004F8250 /* FinityTests */,
				83023D142925EC04004F8250 /* FinityUITests */,
				83023CF82925EC03004F8250 /* Products */,
			);
			sourceTree = "<group>";
		};
		83023CF82925EC03004F8250 /* Products */ = {
			isa = PBXGroup;
			children = (
				83023CF72925EC03004F8250 /* Finity.app */,
				83023D072925EC04004F8250 /* FinityTests.xctest */,
				83023D112925EC04004F8250 /* FinityUITests.xctest */,
			);
			name = Products;
			sourceTree = "<group>";
		};
		83023CF92925EC03004F8250 /* Finity */ = {
			isa = PBXGroup;
			children = (
				83023D652928BCAB004F8250 /* Frameworks */,
				83023D5029277DC9004F8250 /* GoogleService-Info.plist */,
				83023D3829268DA8004F8250 /* Info.plist */,
				83023D56292780D9004F8250 /* Managers */,
				83023D5529277F54004F8250 /* Entry */,
				83023D5429277F30004F8250 /* Resources */,
				83023D3F292691DB004F8250 /* Timeline */,
				83023D302925FC50004F8250 /* Libraries */,
				83023D2D2925F889004F8250 /* Registration */,
				83023D242925F35B004F8250 /* LaunchScreen */,
				83023D002925EC04004F8250 /* Preview Content */,
			);
			path = Finity;
			sourceTree = "<group>";
		};
		83023D002925EC04004F8250 /* Preview Content */ = {
			isa = PBXGroup;
			children = (
				83023D012925EC04004F8250 /* Preview Assets.xcassets */,
			);
			path = "Preview Content";
			sourceTree = "<group>";
		};
		83023D0A2925EC04004F8250 /* FinityTests */ = {
			isa = PBXGroup;
			children = (
				83023D0B2925EC04004F8250 /* FinityTests.swift */,
			);
			path = FinityTests;
			sourceTree = "<group>";
		};
		83023D142925EC04004F8250 /* FinityUITests */ = {
			isa = PBXGroup;
			children = (
				83023D152925EC04004F8250 /* FinityUITests.swift */,
				83023D172925EC04004F8250 /* FinityUITestsLaunchTests.swift */,
			);
			path = FinityUITests;
			sourceTree = "<group>";
		};
		83023D242925F35B004F8250 /* LaunchScreen */ = {
			isa = PBXGroup;
			children = (
				83023D252925F374004F8250 /* LaunchScreenStep.swift */,
				83023D272925F39D004F8250 /* LaunchScreenStateManager.swift */,
				83023D2B2925F4A6004F8250 /* LaunchScreenView.swift */,
			);
			path = LaunchScreen;
			sourceTree = "<group>";
		};
		83023D2D2925F889004F8250 /* Registration */ = {
			isa = PBXGroup;
			children = (
				83023D2E2925F8BF004F8250 /* RegistrationView.swift */,
				83023D42292699B4004F8250 /* GoogleAuthModel.swift */,
			);
			path = Registration;
			sourceTree = "<group>";
		};
		83023D302925FC50004F8250 /* Libraries */ = {
			isa = PBXGroup;
			children = (
				83023D312925FC73004F8250 /* Color.swift */,
				83023D5D2928B3AC004F8250 /* Security.swift */,
				83023D5F2928B5B4004F8250 /* Asset.swift */,
				83023D702928D57D004F8250 /* ScreenSize.swift */,
			);
			path = Libraries;
			sourceTree = "<group>";
		};
		83023D3F292691DB004F8250 /* Timeline */ = {
			isa = PBXGroup;
			children = (
				83023D402926920B004F8250 /* TimelineView.swift */,
				83023D612928BAC2004F8250 /* TimelineModel.swift */,
				83023D632928BAEA004F8250 /* TimelineData.swift */,
				83023D682928BD76004F8250 /* TimelineSection.swift */,
				83023D6C2928C861004F8250 /* UsersView.swift */,
				83023D722928E0F8004F8250 /* PicturePostView.swift */,
				83023D742928E107004F8250 /* CaptionPostView.swift */,
			);
			path = Timeline;
			sourceTree = "<group>";
		};
		83023D5429277F30004F8250 /* Resources */ = {
			isa = PBXGroup;
			children = (
				83023CFE2925EC04004F8250 /* Assets.xcassets */,
				83023D5229277E55004F8250 /* AppDelegate.swift */,
			);
			path = Resources;
			sourceTree = "<group>";
		};
		83023D5529277F54004F8250 /* Entry */ = {
			isa = PBXGroup;
			children = (
				83023CFA2925EC03004F8250 /* FinityApp.swift */,
			);
			path = Entry;
			sourceTree = "<group>";
		};
		83023D56292780D9004F8250 /* Managers */ = {
			isa = PBXGroup;
			children = (
				83023D57292780ED004F8250 /* FirestoreManager.swift */,
			);
			path = Managers;
			sourceTree = "<group>";
		};
		83023D652928BCAB004F8250 /* Frameworks */ = {
			isa = PBXGroup;
			children = (
				83023D662928BCC1004F8250 /* User.swift */,
				83023D6A2928BE78004F8250 /* Post.swift */,
			);
			path = Frameworks;
			sourceTree = "<group>";
		};
/* End PBXGroup section */

/* Begin PBXNativeTarget section */
		83023CF62925EC03004F8250 /* Finity */ = {
			isa = PBXNativeTarget;
			buildConfigurationList = 83023D1B2925EC04004F8250 /* Build configuration list for PBXNativeTarget "Finity" */;
			buildPhases = (
				83023CF32925EC03004F8250 /* Sources */,
				83023CF42925EC03004F8250 /* Frameworks */,
				83023CF52925EC03004F8250 /* Resources */,
			);
			buildRules = (
			);
			dependencies = (
			);
			name = Finity;
			packageProductDependencies = (
				83023D3429261889004F8250 /* GoogleSignIn */,
				83023D3629261889004F8250 /* GoogleSignInSwift */,
				83023D4A29277C91004F8250 /* FirebaseFirestore */,
				83023D4C29277C91004F8250 /* FirebaseFirestoreCombine-Community */,
				83023D4E29277C91004F8250 /* FirebaseFirestoreSwift */,
			);
			productName = Finity;
			productReference = 83023CF72925EC03004F8250 /* Finity.app */;
			productType = "com.apple.product-type.application";
		};
		83023D062925EC04004F8250 /* FinityTests */ = {
			isa = PBXNativeTarget;
			buildConfigurationList = 83023D1E2925EC04004F8250 /* Build configuration list for PBXNativeTarget "FinityTests" */;
			buildPhases = (
				83023D032925EC04004F8250 /* Sources */,
				83023D042925EC04004F8250 /* Frameworks */,
				83023D052925EC04004F8250 /* Resources */,
			);
			buildRules = (
			);
			dependencies = (
				83023D092925EC04004F8250 /* PBXTargetDependency */,
			);
			name = FinityTests;
			productName = FinityTests;
			productReference = 83023D072925EC04004F8250 /* FinityTests.xctest */;
			productType = "com.apple.product-type.bundle.unit-test";
		};
		83023D102925EC04004F8250 /* FinityUITests */ = {
			isa = PBXNativeTarget;
			buildConfigurationList = 83023D212925EC04004F8250 /* Build configuration list for PBXNativeTarget "FinityUITests" */;
			buildPhases = (
				83023D0D2925EC04004F8250 /* Sources */,
				83023D0E2925EC04004F8250 /* Frameworks */,
				83023D0F2925EC04004F8250 /* Resources */,
			);
			buildRules = (
			);
			dependencies = (
				83023D132925EC04004F8250 /* PBXTargetDependency */,
			);
			name = FinityUITests;
			productName = FinityUITests;
			productReference = 83023D112925EC04004F8250 /* FinityUITests.xctest */;
			productType = "com.apple.product-type.bundle.ui-testing";
		};
/* End PBXNativeTarget section */

/* Begin PBXProject section */
		83023CEF2925EC03004F8250 /* Project object */ = {
			isa = PBXProject;
			attributes = {
				BuildIndependentTargetsInParallel = 1;
				LastSwiftUpdateCheck = 1410;
				LastUpgradeCheck = 1410;
				TargetAttributes = {
					83023CF62925EC03004F8250 = {
						CreatedOnToolsVersion = 14.1;
					};
					83023D062925EC04004F8250 = {
						CreatedOnToolsVersion = 14.1;
						TestTargetID = 83023CF62925EC03004F8250;
					};
					83023D102925EC04004F8250 = {
						CreatedOnToolsVersion = 14.1;
						TestTargetID = 83023CF62925EC03004F8250;
					};
				};
			};
			buildConfigurationList = 83023CF22925EC03004F8250 /* Build configuration list for PBXProject "Finity" */;
			compatibilityVersion = "Xcode 14.0";
			developmentRegion = en;
			hasScannedForEncodings = 0;
			knownRegions = (
				en,
				Base,
			);
			mainGroup = 83023CEE2925EC03004F8250;
			packageReferences = (
				83023D3329261889004F8250 /* XCRemoteSwiftPackageReference "GoogleSignIn-iOS" */,
				83023D4929277C91004F8250 /* XCRemoteSwiftPackageReference "firebase-ios-sdk" */,
			);
			productRefGroup = 83023CF82925EC03004F8250 /* Products */;
			projectDirPath = "";
			projectRoot = "";
			targets = (
				83023CF62925EC03004F8250 /* Finity */,
				83023D062925EC04004F8250 /* FinityTests */,
				83023D102925EC04004F8250 /* FinityUITests */,
			);
		};
/* End PBXProject section */

/* Begin PBXResourcesBuildPhase section */
		83023CF52925EC03004F8250 /* Resources */ = {
			isa = PBXResourcesBuildPhase;
			buildActionMask = 2147483647;
			files = (
				83023D022925EC04004F8250 /* Preview Assets.xcassets in Resources */,
				83023CFF2925EC04004F8250 /* Assets.xcassets in Resources */,
				83023D5129277DC9004F8250 /* GoogleService-Info.plist in Resources */,
			);
			runOnlyForDeploymentPostprocessing = 0;
		};
		83023D052925EC04004F8250 /* Resources */ = {
			isa = PBXResourcesBuildPhase;
			buildActionMask = 2147483647;
			files = (
			);
			runOnlyForDeploymentPostprocessing = 0;
		};
		83023D0F2925EC04004F8250 /* Resources */ = {
			isa = PBXResourcesBuildPhase;
			buildActionMask = 2147483647;
			files = (
			);
			runOnlyForDeploymentPostprocessing = 0;
		};
/* End PBXResourcesBuildPhase section */

/* Begin PBXSourcesBuildPhase section */
		83023CF32925EC03004F8250 /* Sources */ = {
			isa = PBXSourcesBuildPhase;
			buildActionMask = 2147483647;
			files = (
				83023D2C2925F4A6004F8250 /* LaunchScreenView.swift in Sources */,
				83023D752928E107004F8250 /* CaptionPostView.swift in Sources */,
				83023D58292780ED004F8250 /* FirestoreManager.swift in Sources */,
				83023D622928BAC2004F8250 /* TimelineModel.swift in Sources */,
				83023D282925F39D004F8250 /* LaunchScreenStateManager.swift in Sources */,
				83023D6B2928BE78004F8250 /* Post.swift in Sources */,
				83023D6D2928C861004F8250 /* UsersView.swift in Sources */,
				83023D262925F374004F8250 /* LaunchScreenStep.swift in Sources */,
				83023D2F2925F8BF004F8250 /* RegistrationView.swift in Sources */,
				83023D43292699B4004F8250 /* GoogleAuthModel.swift in Sources */,
				83023D732928E0F8004F8250 /* PicturePostView.swift in Sources */,
				83023D712928D57D004F8250 /* ScreenSize.swift in Sources */,
				83023D602928B5B4004F8250 /* Asset.swift in Sources */,
				83023D672928BCC1004F8250 /* User.swift in Sources */,
				83023D642928BAEA004F8250 /* TimelineData.swift in Sources */,
				83023CFB2925EC03004F8250 /* FinityApp.swift in Sources */,
				83023D5E2928B3AC004F8250 /* Security.swift in Sources */,
				83023D692928BD76004F8250 /* TimelineSection.swift in Sources */,
				83023D322925FC73004F8250 /* Color.swift in Sources */,
				83023D5329277E55004F8250 /* AppDelegate.swift in Sources */,
				83023D412926920B004F8250 /* TimelineView.swift in Sources */,
			);
			runOnlyForDeploymentPostprocessing = 0;
		};
		83023D032925EC04004F8250 /* Sources */ = {
			isa = PBXSourcesBuildPhase;
			buildActionMask = 2147483647;
			files = (
				83023D0C2925EC04004F8250 /* FinityTests.swift in Sources */,
			);
			runOnlyForDeploymentPostprocessing = 0;
		};
		83023D0D2925EC04004F8250 /* Sources */ = {
			isa = PBXSourcesBuildPhase;
			buildActionMask = 2147483647;
			files = (
				83023D162925EC04004F8250 /* FinityUITests.swift in Sources */,
				83023D182925EC04004F8250 /* FinityUITestsLaunchTests.swift in Sources */,
			);
			runOnlyForDeploymentPostprocessing = 0;
		};
/* End PBXSourcesBuildPhase section */

/* Begin PBXTargetDependency section */
		83023D092925EC04004F8250 /* PBXTargetDependency */ = {
			isa = PBXTargetDependency;
			target = 83023CF62925EC03004F8250 /* Finity */;
			targetProxy = 83023D082925EC04004F8250 /* PBXContainerItemProxy */;
		};
		83023D132925EC04004F8250 /* PBXTargetDependency */ = {
			isa = PBXTargetDependency;
			target = 83023CF62925EC03004F8250 /* Finity */;
			targetProxy = 83023D122925EC04004F8250 /* PBXContainerItemProxy */;
		};
/* End PBXTargetDependency section */

/* Begin XCBuildConfiguration section */
		83023D192925EC04004F8250 /* Debug */ = {
			isa = XCBuildConfiguration;
			buildSettings = {
				ALWAYS_SEARCH_USER_PATHS = NO;
				CLANG_ANALYZER_NONNULL = YES;
				CLANG_ANALYZER_NUMBER_OBJECT_CONVERSION = YES_AGGRESSIVE;
				CLANG_CXX_LANGUAGE_STANDARD = "gnu++20";
				CLANG_ENABLE_MODULES = YES;
				CLANG_ENABLE_OBJC_ARC = YES;
				CLANG_ENABLE_OBJC_WEAK = YES;
				CLANG_WARN_BLOCK_CAPTURE_AUTORELEASING = YES;
				CLANG_WARN_BOOL_CONVERSION = YES;
				CLANG_WARN_COMMA = YES;
				CLANG_WARN_CONSTANT_CONVERSION = YES;
				CLANG_WARN_DEPRECATED_OBJC_IMPLEMENTATIONS = YES;
				CLANG_WARN_DIRECT_OBJC_ISA_USAGE = YES_ERROR;
				CLANG_WARN_DOCUMENTATION_COMMENTS = YES;
				CLANG_WARN_EMPTY_BODY = YES;
				CLANG_WARN_ENUM_CONVERSION = YES;
				CLANG_WARN_INFINITE_RECURSION = YES;
				CLANG_WARN_INT_CONVERSION = YES;
				CLANG_WARN_NON_LITERAL_NULL_CONVERSION = YES;
				CLANG_WARN_OBJC_IMPLICIT_RETAIN_SELF = YES;
				CLANG_WARN_OBJC_LITERAL_CONVERSION = YES;
				CLANG_WARN_OBJC_ROOT_CLASS = YES_ERROR;
				CLANG_WARN_QUOTED_INCLUDE_IN_FRAMEWORK_HEADER = YES;
				CLANG_WARN_RANGE_LOOP_ANALYSIS = YES;
				CLANG_WARN_STRICT_PROTOTYPES = YES;
				CLANG_WARN_SUSPICIOUS_MOVE = YES;
				CLANG_WARN_UNGUARDED_AVAILABILITY = YES_AGGRESSIVE;
				CLANG_WARN_UNREACHABLE_CODE = YES;
				CLANG_WARN__DUPLICATE_METHOD_MATCH = YES;
				COPY_PHASE_STRIP = NO;
				DEBUG_INFORMATION_FORMAT = dwarf;
				ENABLE_STRICT_OBJC_MSGSEND = YES;
				ENABLE_TESTABILITY = YES;
				GCC_C_LANGUAGE_STANDARD = gnu11;
				GCC_DYNAMIC_NO_PIC = NO;
				GCC_NO_COMMON_BLOCKS = YES;
				GCC_OPTIMIZATION_LEVEL = 0;
				GCC_PREPROCESSOR_DEFINITIONS = (
					"DEBUG=1",
					"$(inherited)",
				);
				GCC_WARN_64_TO_32_BIT_CONVERSION = YES;
				GCC_WARN_ABOUT_RETURN_TYPE = YES_ERROR;
				GCC_WARN_UNDECLARED_SELECTOR = YES;
				GCC_WARN_UNINITIALIZED_AUTOS = YES_AGGRESSIVE;
				GCC_WARN_UNUSED_FUNCTION = YES;
				GCC_WARN_UNUSED_VARIABLE = YES;
				IPHONEOS_DEPLOYMENT_TARGET = 16.1;
				MTL_ENABLE_DEBUG_INFO = INCLUDE_SOURCE;
				MTL_FAST_MATH = YES;
				ONLY_ACTIVE_ARCH = YES;
				SDKROOT = iphoneos;
				SWIFT_ACTIVE_COMPILATION_CONDITIONS = DEBUG;
				SWIFT_OPTIMIZATION_LEVEL = "-Onone";
			};
			name = Debug;
		};
		83023D1A2925EC04004F8250 /* Release */ = {
			isa = XCBuildConfiguration;
			buildSettings = {
				ALWAYS_SEARCH_USER_PATHS = NO;
				CLANG_ANALYZER_NONNULL = YES;
				CLANG_ANALYZER_NUMBER_OBJECT_CONVERSION = YES_AGGRESSIVE;
				CLANG_CXX_LANGUAGE_STANDARD = "gnu++20";
				CLANG_ENABLE_MODULES = YES;
				CLANG_ENABLE_OBJC_ARC = YES;
				CLANG_ENABLE_OBJC_WEAK = YES;
				CLANG_WARN_BLOCK_CAPTURE_AUTORELEASING = YES;
				CLANG_WARN_BOOL_CONVERSION = YES;
				CLANG_WARN_COMMA = YES;
				CLANG_WARN_CONSTANT_CONVERSION = YES;
				CLANG_WARN_DEPRECATED_OBJC_IMPLEMENTATIONS = YES;
				CLANG_WARN_DIRECT_OBJC_ISA_USAGE = YES_ERROR;
				CLANG_WARN_DOCUMENTATION_COMMENTS = YES;
				CLANG_WARN_EMPTY_BODY = YES;
				CLANG_WARN_ENUM_CONVERSION = YES;
				CLANG_WARN_INFINITE_RECURSION = YES;
				CLANG_WARN_INT_CONVERSION = YES;
				CLANG_WARN_NON_LITERAL_NULL_CONVERSION = YES;
				CLANG_WARN_OBJC_IMPLICIT_RETAIN_SELF = YES;
				CLANG_WARN_OBJC_LITERAL_CONVERSION = YES;
				CLANG_WARN_OBJC_ROOT_CLASS = YES_ERROR;
				CLANG_WARN_QUOTED_INCLUDE_IN_FRAMEWORK_HEADER = YES;
				CLANG_WARN_RANGE_LOOP_ANALYSIS = YES;
				CLANG_WARN_STRICT_PROTOTYPES = YES;
				CLANG_WARN_SUSPICIOUS_MOVE = YES;
				CLANG_WARN_UNGUARDED_AVAILABILITY = YES_AGGRESSIVE;
				CLANG_WARN_UNREACHABLE_CODE = YES;
				CLANG_WARN__DUPLICATE_METHOD_MATCH = YES;
				COPY_PHASE_STRIP = NO;
				DEBUG_INFORMATION_FORMAT = "dwarf-with-dsym";
				ENABLE_NS_ASSERTIONS = NO;
				ENABLE_STRICT_OBJC_MSGSEND = YES;
				GCC_C_LANGUAGE_STANDARD = gnu11;
				GCC_NO_COMMON_BLOCKS = YES;
				GCC_WARN_64_TO_32_BIT_CONVERSION = YES;
				GCC_WARN_ABOUT_RETURN_TYPE = YES_ERROR;
				GCC_WARN_UNDECLARED_SELECTOR = YES;
				GCC_WARN_UNINITIALIZED_AUTOS = YES_AGGRESSIVE;
				GCC_WARN_UNUSED_FUNCTION = YES;
				GCC_WARN_UNUSED_VARIABLE = YES;
				IPHONEOS_DEPLOYMENT_TARGET = 16.1;
				MTL_ENABLE_DEBUG_INFO = NO;
				MTL_FAST_MATH = YES;
				SDKROOT = iphoneos;
				SWIFT_COMPILATION_MODE = wholemodule;
				SWIFT_OPTIMIZATION_LEVEL = "-O";
				VALIDATE_PRODUCT = YES;
			};
			name = Release;
		};
		83023D1C2925EC04004F8250 /* Debug */ = {
			isa = XCBuildConfiguration;
			buildSettings = {
				ASSETCATALOG_COMPILER_APPICON_NAME = AppIcon;
				ASSETCATALOG_COMPILER_GLOBAL_ACCENT_COLOR_NAME = AccentColor;
				CODE_SIGN_STYLE = Automatic;
				CURRENT_PROJECT_VERSION = 1;
				DEVELOPMENT_ASSET_PATHS = "\"Finity/Preview Content\"";
				DEVELOPMENT_TEAM = 7DF23RMRWS;
				ENABLE_PREVIEWS = YES;
				GENERATE_INFOPLIST_FILE = YES;
				INFOPLIST_FILE = Finity/Info.plist;
				INFOPLIST_KEY_UIApplicationSceneManifest_Generation = YES;
				INFOPLIST_KEY_UIApplicationSupportsIndirectInputEvents = YES;
				INFOPLIST_KEY_UILaunchScreen_Generation = YES;
				INFOPLIST_KEY_UISupportedInterfaceOrientations_iPad = "UIInterfaceOrientationPortrait UIInterfaceOrientationPortraitUpsideDown UIInterfaceOrientationLandscapeLeft UIInterfaceOrientationLandscapeRight";
				INFOPLIST_KEY_UISupportedInterfaceOrientations_iPhone = "UIInterfaceOrientationPortrait UIInterfaceOrientationLandscapeLeft UIInterfaceOrientationLandscapeRight";
				LD_RUNPATH_SEARCH_PATHS = (
					"$(inherited)",
					"@executable_path/Frameworks",
				);
				MARKETING_VERSION = 1.0;
				PRODUCT_BUNDLE_IDENTIFIER = aws.Finity;
				PRODUCT_NAME = "$(TARGET_NAME)";
				SWIFT_EMIT_LOC_STRINGS = YES;
				SWIFT_VERSION = 5.0;
				TARGETED_DEVICE_FAMILY = "1,2";
			};
			name = Debug;
		};
		83023D1D2925EC04004F8250 /* Release */ = {
			isa = XCBuildConfiguration;
			buildSettings = {
				ASSETCATALOG_COMPILER_APPICON_NAME = AppIcon;
				ASSETCATALOG_COMPILER_GLOBAL_ACCENT_COLOR_NAME = AccentColor;
				CODE_SIGN_STYLE = Automatic;
				CURRENT_PROJECT_VERSION = 1;
				DEVELOPMENT_ASSET_PATHS = "\"Finity/Preview Content\"";
				DEVELOPMENT_TEAM = 7DF23RMRWS;
				ENABLE_PREVIEWS = YES;
				GENERATE_INFOPLIST_FILE = YES;
				INFOPLIST_FILE = Finity/Info.plist;
				INFOPLIST_KEY_UIApplicationSceneManifest_Generation = YES;
				INFOPLIST_KEY_UIApplicationSupportsIndirectInputEvents = YES;
				INFOPLIST_KEY_UILaunchScreen_Generation = YES;
				INFOPLIST_KEY_UISupportedInterfaceOrientations_iPad = "UIInterfaceOrientationPortrait UIInterfaceOrientationPortraitUpsideDown UIInterfaceOrientationLandscapeLeft UIInterfaceOrientationLandscapeRight";
				INFOPLIST_KEY_UISupportedInterfaceOrientations_iPhone = "UIInterfaceOrientationPortrait UIInterfaceOrientationLandscapeLeft UIInterfaceOrientationLandscapeRight";
				LD_RUNPATH_SEARCH_PATHS = (
					"$(inherited)",
					"@executable_path/Frameworks",
				);
				MARKETING_VERSION = 1.0;
				PRODUCT_BUNDLE_IDENTIFIER = aws.Finity;
				PRODUCT_NAME = "$(TARGET_NAME)";
				SWIFT_EMIT_LOC_STRINGS = YES;
				SWIFT_VERSION = 5.0;
				TARGETED_DEVICE_FAMILY = "1,2";
			};
			name = Release;
		};
		83023D1F2925EC04004F8250 /* Debug */ = {
			isa = XCBuildConfiguration;
			buildSettings = {
				ALWAYS_EMBED_SWIFT_STANDARD_LIBRARIES = YES;
				BUNDLE_LOADER = "$(TEST_HOST)";
				CODE_SIGN_STYLE = Automatic;
				CURRENT_PROJECT_VERSION = 1;
				DEVELOPMENT_TEAM = 7DF23RMRWS;
				GENERATE_INFOPLIST_FILE = YES;
				IPHONEOS_DEPLOYMENT_TARGET = 16.1;
				MARKETING_VERSION = 1.0;
				PRODUCT_BUNDLE_IDENTIFIER = aws.FinityTests;
				PRODUCT_NAME = "$(TARGET_NAME)";
				SWIFT_EMIT_LOC_STRINGS = NO;
				SWIFT_VERSION = 5.0;
				TARGETED_DEVICE_FAMILY = "1,2";
				TEST_HOST = "$(BUILT_PRODUCTS_DIR)/Finity.app/$(BUNDLE_EXECUTABLE_FOLDER_PATH)/Finity";
			};
			name = Debug;
		};
		83023D202925EC04004F8250 /* Release */ = {
			isa = XCBuildConfiguration;
			buildSettings = {
				ALWAYS_EMBED_SWIFT_STANDARD_LIBRARIES = YES;
				BUNDLE_LOADER = "$(TEST_HOST)";
				CODE_SIGN_STYLE = Automatic;
				CURRENT_PROJECT_VERSION = 1;
				DEVELOPMENT_TEAM = 7DF23RMRWS;
				GENERATE_INFOPLIST_FILE = YES;
				IPHONEOS_DEPLOYMENT_TARGET = 16.1;
				MARKETING_VERSION = 1.0;
				PRODUCT_BUNDLE_IDENTIFIER = aws.FinityTests;
				PRODUCT_NAME = "$(TARGET_NAME)";
				SWIFT_EMIT_LOC_STRINGS = NO;
				SWIFT_VERSION = 5.0;
				TARGETED_DEVICE_FAMILY = "1,2";
				TEST_HOST = "$(BUILT_PRODUCTS_DIR)/Finity.app/$(BUNDLE_EXECUTABLE_FOLDER_PATH)/Finity";
			};
			name = Release;
		};
		83023D222925EC04004F8250 /* Debug */ = {
			isa = XCBuildConfiguration;
			buildSettings = {
				ALWAYS_EMBED_SWIFT_STANDARD_LIBRARIES = YES;
				CODE_SIGN_STYLE = Automatic;
				CURRENT_PROJECT_VERSION = 1;
				DEVELOPMENT_TEAM = 7DF23RMRWS;
				GENERATE_INFOPLIST_FILE = YES;
				MARKETING_VERSION = 1.0;
				PRODUCT_BUNDLE_IDENTIFIER = aws.FinityUITests;
				PRODUCT_NAME = "$(TARGET_NAME)";
				SWIFT_EMIT_LOC_STRINGS = NO;
				SWIFT_VERSION = 5.0;
				TARGETED_DEVICE_FAMILY = "1,2";
				TEST_TARGET_NAME = Finity;
			};
			name = Debug;
		};
		83023D232925EC04004F8250 /* Release */ = {
			isa = XCBuildConfiguration;
			buildSettings = {
				ALWAYS_EMBED_SWIFT_STANDARD_LIBRARIES = YES;
				CODE_SIGN_STYLE = Automatic;
				CURRENT_PROJECT_VERSION = 1;
				DEVELOPMENT_TEAM = 7DF23RMRWS;
				GENERATE_INFOPLIST_FILE = YES;
				MARKETING_VERSION = 1.0;
				PRODUCT_BUNDLE_IDENTIFIER = aws.FinityUITests;
				PRODUCT_NAME = "$(TARGET_NAME)";
				SWIFT_EMIT_LOC_STRINGS = NO;
				SWIFT_VERSION = 5.0;
				TARGETED_DEVICE_FAMILY = "1,2";
				TEST_TARGET_NAME = Finity;
			};
			name = Release;
		};
/* End XCBuildConfiguration section */

/* Begin XCConfigurationList section */
		83023CF22925EC03004F8250 /* Build configuration list for PBXProject "Finity" */ = {
			isa = XCConfigurationList;
			buildConfigurations = (
				83023D192925EC04004F8250 /* Debug */,
				83023D1A2925EC04004F8250 /* Release */,
			);
			defaultConfigurationIsVisible = 0;
			defaultConfigurationName = Release;
		};
		83023D1B2925EC04004F8250 /* Build configuration list for PBXNativeTarget "Finity" */ = {
			isa = XCConfigurationList;
			buildConfigurations = (
				83023D1C2925EC04004F8250 /* Debug */,
				83023D1D2925EC04004F8250 /* Release */,
			);
			defaultConfigurationIsVisible = 0;
			defaultConfigurationName = Release;
		};
		83023D1E2925EC04004F8250 /* Build configuration list for PBXNativeTarget "FinityTests" */ = {
			isa = XCConfigurationList;
			buildConfigurations = (
				83023D1F2925EC04004F8250 /* Debug */,
				83023D202925EC04004F8250 /* Release */,
			);
			defaultConfigurationIsVisible = 0;
			defaultConfigurationName = Release;
		};
		83023D212925EC04004F8250 /* Build configuration list for PBXNativeTarget "FinityUITests" */ = {
			isa = XCConfigurationList;
			buildConfigurations = (
				83023D222925EC04004F8250 /* Debug */,
				83023D232925EC04004F8250 /* Release */,
			);
			defaultConfigurationIsVisible = 0;
			defaultConfigurationName = Release;
		};
/* End XCConfigurationList section */

/* Begin XCRemoteSwiftPackageReference section */
		83023D3329261889004F8250 /* XCRemoteSwiftPackageReference "GoogleSignIn-iOS" */ = {
			isa = XCRemoteSwiftPackageReference;
			repositoryURL = "https://github.com/google/GoogleSignIn-iOS";
			requirement = {
				kind = upToNextMajorVersion;
				minimumVersion = 6.0.0;
			};
		};
		83023D4929277C91004F8250 /* XCRemoteSwiftPackageReference "firebase-ios-sdk" */ = {
			isa = XCRemoteSwiftPackageReference;
			repositoryURL = "https://github.com/firebase/firebase-ios-sdk";
			requirement = {
				kind = upToNextMajorVersion;
				minimumVersion = 9.0.0;
			};
		};
/* End XCRemoteSwiftPackageReference section */

/* Begin XCSwiftPackageProductDependency section */
		83023D3429261889004F8250 /* GoogleSignIn */ = {
			isa = XCSwiftPackageProductDependency;
			package = 83023D3329261889004F8250 /* XCRemoteSwiftPackageReference "GoogleSignIn-iOS" */;
			productName = GoogleSignIn;
		};
		83023D3629261889004F8250 /* GoogleSignInSwift */ = {
			isa = XCSwiftPackageProductDependency;
			package = 83023D3329261889004F8250 /* XCRemoteSwiftPackageReference "GoogleSignIn-iOS" */;
			productName = GoogleSignInSwift;
		};
		83023D4A29277C91004F8250 /* FirebaseFirestore */ = {
			isa = XCSwiftPackageProductDependency;
			package = 83023D4929277C91004F8250 /* XCRemoteSwiftPackageReference "firebase-ios-sdk" */;
			productName = FirebaseFirestore;
		};
		83023D4C29277C91004F8250 /* FirebaseFirestoreCombine-Community */ = {
			isa = XCSwiftPackageProductDependency;
			package = 83023D4929277C91004F8250 /* XCRemoteSwiftPackageReference "firebase-ios-sdk" */;
			productName = "FirebaseFirestoreCombine-Community";
		};
		83023D4E29277C91004F8250 /* FirebaseFirestoreSwift */ = {
			isa = XCSwiftPackageProductDependency;
			package = 83023D4929277C91004F8250 /* XCRemoteSwiftPackageReference "firebase-ios-sdk" */;
			productName = FirebaseFirestoreSwift;
		};
/* End XCSwiftPackageProductDependency section */
	};
	rootObject = 83023CEF2925EC03004F8250 /* Project object */;
}
